hash: 3b6e3252763dd40f1c95a2ff2ddc80417cfe5b0cd83627ea38e1357820dff9ca
updated: 2018-11-27T21:40:38.1700114+03:00
imports:
- name: github.com/pkg/errors
  version: 059132a15dd08d6704c67711dae0cf35ab991756
- name: github.com/xtaci/smux
  version: f19baee51e87c9f0d42f61380893caad7bfabf3d
testImports: []
